
Microsoft Visual Studio Solution File, Format Version 12.00
# Visual Studio Version 16
VisualStudioVersion = 16.0.31624.102
MinimumVisualStudioVersion = 10.0.40219.1
Project("{FAE04EC0-301F-11D3-BF4B-00C04F79EFBC}") = "bridge", "bridge\bridge.csproj", "{0C5D89B5-2716-4029-9F76-048801A2B226}"
EndProject
Global
	GlobalSection(SolutionConfigurationPlatforms) = preSolution
		Debug|Any CPU = Debug|Any CPU
		Release|Any CPU = Release|Any CPU
	EndGlobalSection
	GlobalSection(ProjectConfigurationPlatforms) = postSolution
		{0C5D89B5-2716-4029-9F76-048801A2B226}.Debug|Any CPU.ActiveCfg = Debug|Any CPU
		{0C5D89B5-2716-4029-9F76-048801A2B226}.Debug|Any CPU.Build.0 = Debug|Any CPU
		{0C5D89B5-2716-4029-9F76-048801A2B226}.Release|Any CPU.ActiveCfg = Release|Any CPU
		{0C5D89B5-2716-4029-9F76-048801A2B226}.Release|Any CPU.Build.0 = Release|Any CPU
	EndGlobalSection
	GlobalSection(SolutionProperties) = preSolution
		HideSolutionNode = FALSE
	EndGlobalSection
	GlobalSection(ExtensibilityGlobals) = postSolution
		SolutionGuid = {A3AEFE1F-20B2-4953-9513-0CD76967C69C}
	EndGlobalSection
EndGlobal
